
Microsoft Visual Studio Solution File, Format Version 12.00
# Visual Studio Version 16
VisualStudioVersion = 16.0.31424.327
MinimumVisualStudioVersion = 10.0.40219.1
Project("{9A19103F-16F7-4668-BE54-9A1E7A4F7556}") = "BenefitsSystem.Web", "BenefitsSystem.Web\BenefitsSystem.Web.csproj", "{FFE5C176-85A6-4418-BC34-6A60E55F1A48}"
	ProjectSection(ProjectDependencies) = postProject
		{93EBB803-7F8D-4CF3-B7B9-FF38235070C9} = {93EBB803-7F8D-4CF3-B7B9-FF38235070C9}
	EndProjectSection
EndProject
Project("{9A19103F-16F7-4668-BE54-9A1E7A4F7556}") = "BenefitsSystem.Test", "BenefitsSystem.Test\BenefitsSystem.Test.csproj", "{DB522FE6-9DC6-4244-B978-BF3773BEDF26}"
	ProjectSection(ProjectDependencies) = postProject
		{93EBB803-7F8D-4CF3-B7B9-FF38235070C9} = {93EBB803-7F8D-4CF3-B7B9-FF38235070C9}
		{FFE5C176-85A6-4418-BC34-6A60E55F1A48} = {FFE5C176-85A6-4418-BC34-6A60E55F1A48}
	EndProjectSection
EndProject
Project("{FAE04EC0-301F-11D3-BF4B-00C04F79EFBC}") = "BenefitsSystem.Repository", "BenefitsSystem.Repository\BenefitsSystem.Repository.csproj", "{93EBB803-7F8D-4CF3-B7B9-FF38235070C9}"
EndProject
Global
	GlobalSection(SolutionConfigurationPlatforms) = preSolution
		Debug|Any CPU = Debug|Any CPU
		Release|Any CPU = Release|Any CPU
	EndGlobalSection
	GlobalSection(ProjectConfigurationPlatforms) = postSolution
		{FFE5C176-85A6-4418-BC34-6A60E55F1A48}.Debug|Any CPU.ActiveCfg = Debug|Any CPU
		{FFE5C176-85A6-4418-BC34-6A60E55F1A48}.Debug|Any CPU.Build.0 = Debug|Any CPU
		{FFE5C176-85A6-4418-BC34-6A60E55F1A48}.Release|Any CPU.ActiveCfg = Release|Any CPU
		{FFE5C176-85A6-4418-BC34-6A60E55F1A48}.Release|Any CPU.Build.0 = Release|Any CPU
		{DB522FE6-9DC6-4244-B978-BF3773BEDF26}.Debug|Any CPU.ActiveCfg = Debug|Any CPU
		{DB522FE6-9DC6-4244-B978-BF3773BEDF26}.Debug|Any CPU.Build.0 = Debug|Any CPU
		{DB522FE6-9DC6-4244-B978-BF3773BEDF26}.Release|Any CPU.ActiveCfg = Release|Any CPU
		{DB522FE6-9DC6-4244-B978-BF3773BEDF26}.Release|Any CPU.Build.0 = Release|Any CPU
		{93EBB803-7F8D-4CF3-B7B9-FF38235070C9}.Debug|Any CPU.ActiveCfg = Debug|Any CPU
		{93EBB803-7F8D-4CF3-B7B9-FF38235070C9}.Debug|Any CPU.Build.0 = Debug|Any CPU
		{93EBB803-7F8D-4CF3-B7B9-FF38235070C9}.Release|Any CPU.ActiveCfg = Release|Any CPU
		{93EBB803-7F8D-4CF3-B7B9-FF38235070C9}.Release|Any CPU.Build.0 = Release|Any CPU
	EndGlobalSection
	GlobalSection(SolutionProperties) = preSolution
		HideSolutionNode = FALSE
	EndGlobalSection
	GlobalSection(ExtensibilityGlobals) = postSolution
		SolutionGuid = {883D014A-3874-4FC9-AED2-0D3FE92A56BA}
	EndGlobalSection
EndGlobal
